{
  "name": "SofiiaBot",
  "lockfileVersion": 2,
  "requires": true,
  "packages": {
    "": {
      "dependencies": {
        "lavaplayer": "^0.0.1"
      }
    },
    "node_modules/erela.js": {
      "version": "2.3.3",
      "resolved": "https://registry.npmjs.org/erela.js/-/erela.js-2.3.3.tgz",
      "integrity": "sha512-tzowGHLSodZr2j311csFSqm9lwE6plqeULTAwPwuRX9PQbXg4Ohdy/3MTMWrltiFAMSIG/5r9GQtTUt9Mqzhhw==",
      "dependencies": {
        "@discordjs/collection": "^0.1.6",
        "petitio": "^1.1.0",
        "ws": "^7.3.1"
      }
    },
    "node_modules/erela.js/node_modules/@discordjs/collection": {
      "version": "0.1.6",
      "resolved": "https://registry.npmjs.org/@discordjs/collection/-/collection-0.1.6.tgz",
      "integrity": "sha512-utRNxnd9kSS2qhyivo9lMlt5qgAUasH2gb7BEOn6p0efFh24gjGomHzWKMAPn2hEReOPQZCJaRKoURwRotKucQ==",
      "deprecated": "no longer supported"
    },
    "node_modules/erela.js/node_modules/ws": {
      "version": "7.5.9",
      "resolved": "https://registry.npmjs.org/ws/-/ws-7.5.9.tgz",
      "integrity": "sha512-F+P9Jil7UiSKSkppIiD94dN07AwvFixvLIj1Og1Rl9GGMuNipJnV9JzjD6XuqmAeiswGvUmNLjr5cFuXwNS77Q==",
      "engines": {
        "node": ">=8.3.0"
      },
      "peerDependencies": {
        "bufferutil": "^4.0.1",
        "utf-8-validate": "^5.0.2"
      },
      "peerDependenciesMeta": {
        "bufferutil": {
          "optional": true
        },
        "utf-8-validate": {
          "optional": true
        }
      }
    },
    "node_modules/events": {
      "version": "3.3.0",
      "resolved": "https://registry.npmjs.org/events/-/events-3.3.0.tgz",
      "integrity": "sha512-mQw+2fkQbALzQ7V0MY0IqdnXNOeTtP4r0lN9z7AAawCXgqea7bDii20AYrIBrFd/Hx0M2Ocz6S111CaFkUcb0Q==",
      "engines": {
        "node": ">=0.8.x"
      }
    },
    "node_modules/lavaplayer": {
      "version": "0.0.1",
      "resolved": "https://registry.npmjs.org/lavaplayer/-/lavaplayer-0.0.1.tgz",
      "integrity": "sha512-EvI1XmfFd/Yd7Yl3tlALusNwGlzoVfOl1PBq1Hh2wwa031UHvHhc7Lg6O0MgT3B7T3hNLy5f4OHloyjZshSz7w==",
      "dependencies": {
        "erela.js": "^2.3.0",
        "events": "^3.2.0"
      },
      "engines": {
        "node": "12.x"
      }
    },
    "node_modules/petitio": {
      "version": "1.4.0",
      "resolved": "https://registry.npmjs.org/petitio/-/petitio-1.4.0.tgz",
      "integrity": "sha512-9LaVd/5BLmbNU8Q4Ax8NezihiPt2ISNqi2vKilEchSSf+YSOXxfsLUb0SUmDskm1WkBOVTsqdyuyYI0RYKqr0Q==",
      "engines": {
        "node": ">=12.3.0"
      }
    }
  },
  "dependencies": {
    "erela.js": {
      "version": "2.3.3",
      "resolved": "https://registry.npmjs.org/erela.js/-/erela.js-2.3.3.tgz",
      "integrity": "sha512-tzowGHLSodZr2j311csFSqm9lwE6plqeULTAwPwuRX9PQbXg4Ohdy/3MTMWrltiFAMSIG/5r9GQtTUt9Mqzhhw==",
      "requires": {
        "@discordjs/collection": "^0.1.6",
        "petitio": "^1.1.0",
        "ws": "^7.3.1"
      },
      "dependencies": {
        "@discordjs/collection": {
          "version": "0.1.6",
          "resolved": "https://registry.npmjs.org/@discordjs/collection/-/collection-0.1.6.tgz",
          "integrity": "sha512-utRNxnd9kSS2qhyivo9lMlt5qgAUasH2gb7BEOn6p0efFh24gjGomHzWKMAPn2hEReOPQZCJaRKoURwRotKucQ=="
        },
        "ws": {
          "version": "7.5.9",
          "resolved": "https://registry.npmjs.org/ws/-/ws-7.5.9.tgz",
          "integrity": "sha512-F+P9Jil7UiSKSkppIiD94dN07AwvFixvLIj1Og1Rl9GGMuNipJnV9JzjD6XuqmAeiswGvUmNLjr5cFuXwNS77Q==",
          "requires": {}
        }
      }
    },
    "events": {
      "version": "3.3.0",
      "resolved": "https://registry.npmjs.org/events/-/events-3.3.0.tgz",
      "integrity": "sha512-mQw+2fkQbALzQ7V0MY0IqdnXNOeTtP4r0lN9z7AAawCXgqea7bDii20AYrIBrFd/Hx0M2Ocz6S111CaFkUcb0Q=="
    },
    "lavaplayer": {
      "version": "0.0.1",
      "resolved": "https://registry.npmjs.org/lavaplayer/-/lavaplayer-0.0.1.tgz",
      "integrity": "sha512-EvI1XmfFd/Yd7Yl3tlALusNwGlzoVfOl1PBq1Hh2wwa031UHvHhc7Lg6O0MgT3B7T3hNLy5f4OHloyjZshSz7w==",
      "requires": {
        "erela.js": "^2.3.0",
        "events": "^3.2.0"
      }
    },
    "petitio": {
      "version": "1.4.0",
      "resolved": "https://registry.npmjs.org/petitio/-/petitio-1.4.0.tgz",
      "integrity": "sha512-9LaVd/5BLmbNU8Q4Ax8NezihiPt2ISNqi2vKilEchSSf+YSOXxfsLUb0SUmDskm1WkBOVTsqdyuyYI0RYKqr0Q=="
    }
  }
}
